{
  "name": "klinechart-pro-test",
  "version": "1.0.0",
  "lockfileVersion": 3,
  "requires": true,
  "packages": {
    "": {
      "name": "klinechart-pro-test",
      "version": "1.0.0",
      "license": "ISC",
      "dependencies": {
        "@klinecharts/pro": "^0.1.1",
        "klinecharts": "^10.0.0-beta1"
      }
    },
    "node_modules/@klinecharts/pro": {
      "version": "0.1.1",
      "resolved": "https://registry.npmjs.org/@klinecharts/pro/-/pro-0.1.1.tgz",
      "integrity": "sha512-ChKW0/ra183CFKevzWSn1HwrLY3YOpERA8wfso+MMTyTYKEKx8Sd7gFTr5Hfn6R4MVru7xSlUHsqjlq/WpXrVA==",
      "license": "Apache-2.0",
      "dependencies": {
        "lodash": "^4.17.21",
        "solid-js": "^1.6.11"
      },
      "peerDependencies": {
        "klinecharts": ">=9.0.0"
      }
    },
    "node_modules/csstype": {
      "version": "3.2.3",
      "resolved": "https://registry.npmjs.org/csstype/-/csstype-3.2.3.tgz",
      "integrity": "sha512-z1HGKcYy2xA8AGQfwrn0PAy+PB7X/GSj3UVJW9qKyn43xWa+gl5nXmU4qqLMRzWVLFC8KusUX8T/0kCiOYpAIQ==",
      "license": "MIT"
    },
    "node_modules/klinecharts": {
      "version": "10.0.0-beta1",
      "resolved": "https://registry.npmjs.org/klinecharts/-/klinecharts-10.0.0-beta1.tgz",
      "integrity": "sha512-5ZxFGjJeZqt9+q45lZDhApC3kdgrk51i27uSpIELgXJLNgfSc0anlb8XkU+52LVrBYnTv9dFr8/Q7lG81vIV1w==",
      "license": "Apache-2.0"
    },
    "node_modules/lodash": {
      "version": "4.17.23",
      "resolved": "https://registry.npmjs.org/lodash/-/lodash-4.17.23.tgz",
      "integrity": "sha512-LgVTMpQtIopCi79SJeDiP0TfWi5CNEc/L/aRdTh3yIvmZXTnheWpKjSZhnvMl8iXbC1tFg9gdHHDMLoV7CnG+w==",
      "license": "MIT"
    },
    "node_modules/seroval": {
      "version": "1.5.0",
      "resolved": "https://registry.npmjs.org/seroval/-/seroval-1.5.0.tgz",
      "integrity": "sha512-OE4cvmJ1uSPrKorFIH9/w/Qwuvi/IMcGbv5RKgcJ/zjA/IohDLU6SVaxFN9FwajbP7nsX0dQqMDes1whk3y+yw==",
      "license": "MIT",
      "engines": {
        "node": ">=10"
      }
    },
    "node_modules/seroval-plugins": {
      "version": "1.5.0",
      "resolved": "https://registry.npmjs.org/seroval-plugins/-/seroval-plugins-1.5.0.tgz",
      "integrity": "sha512-EAHqADIQondwRZIdeW2I636zgsODzoBDwb3PT/+7TLDWyw1Dy/Xv7iGUIEXXav7usHDE9HVhOU61irI3EnyyHA==",
      "license": "MIT",
      "engines": {
        "node": ">=10"
      },
      "peerDependencies": {
        "seroval": "^1.0"
      }
    },
    "node_modules/solid-js": {
      "version": "1.9.11",
      "resolved": "https://registry.npmjs.org/solid-js/-/solid-js-1.9.11.tgz",
      "integrity": "sha512-WEJtcc5mkh/BnHA6Yrg4whlF8g6QwpmXXRg4P2ztPmcKeHHlH4+djYecBLhSpecZY2RRECXYUwIc/C2r3yzQ4Q==",
      "license": "MIT",
      "dependencies": {
        "csstype": "^3.1.0",
        "seroval": "~1.5.0",
        "seroval-plugins": "~1.5.0"
      }
    }
  }
}
